// !$*UTF8*$!
{
	archiveVersion = 1;
	classes = {
	};
	objectVersion = 50;
	objects = {

/* Begin PBXBuildFile section */
		8A488D9F26AF390700769316 /* AppDelegate.swift in Sources */ = {isa = PBXBuildFile; fileRef = 8A488D9E26AF390700769316 /* AppDelegate.swift */; };
		8A488DA126AF390700769316 /* SceneDelegate.swift in Sources */ = {isa = PBXBuildFile; fileRef = 8A488DA026AF390700769316 /* SceneDelegate.swift */; };
		8A488DA326AF390700769316 /* ViewController.swift in Sources */ = {isa = PBXBuildFile; fileRef = 8A488DA226AF390700769316 /* ViewController.swift */; };
		8A488DA626AF390700769316 /* Main.storyboard in Resources */ = {isa = PBXBuildFile; fileRef = 8A488DA426AF390700769316 /* Main.storyboard */; };
		8A488DA826AF390A00769316 /* Assets.xcassets in Resources */ = {isa = PBXBuildFile; fileRef = 8A488DA726AF390A00769316 /* Assets.xcassets */; };
		8A488DAB26AF390A00769316 /* LaunchScreen.storyboard in Resources */ = {isa = PBXBuildFile; fileRef = 8A488DA926AF390A00769316 /* LaunchScreen.storyboard */; };
		8A488DB626AF390B00769316 /* CoffeeTests.swift in Sources */ = {isa = PBXBuildFile; fileRef = 8A488DB526AF390B00769316 /* CoffeeTests.swift */; };
		8A488DC126AF390B00769316 /* CoffeeUITests.swift in Sources */ = {isa = PBXBuildFile; fileRef = 8A488DC026AF390B00769316 /* CoffeeUITests.swift */; };
/* End PBXBuildFile section */

/* Begin PBXContainerItemProxy section */
		8A488DB226AF390B00769316 /* PBXContainerItemProxy */ = {
			isa = PBXContainerItemProxy;
			containerPortal = 8A488D9326AF390700769316 /* Project object */;
			proxyType = 1;
			remoteGlobalIDString = 8A488D9A26AF390700769316;
			remoteInfo = Coffee;
		};
		8A488DBD26AF390B00769316 /* PBXContainerItemProxy */ = {
			isa = PBXContainerItemProxy;
			containerPortal = 8A488D9326AF390700769316 /* Project object */;
			proxyType = 1;
			remoteGlobalIDString = 8A488D9A26AF390700769316;
			remoteInfo = Coffee;
		};
/* End PBXContainerItemProxy section */

/* Begin PBXFileReference section */
		8A488D9B26AF390700769316 /* Coffee.app */ = {isa = PBXFileReference; explicitFileType = wrapper.application; includeInIndex = 0; path = Coffee.app; sourceTree = BUILT_PRODUCTS_DIR; };
		8A488D9E26AF390700769316 /* AppDelegate.swift */ = {isa = PBXFileReference; lastKnownFileType = sourcecode.swift; path = AppDelegate.swift; sourceTree = "<group>"; };
		8A488DA026AF390700769316 /* SceneDelegate.swift */ = {isa = PBXFileReference; lastKnownFileType = sourcecode.swift; path = SceneDelegate.swift; sourceTree = "<group>"; };
		8A488DA226AF390700769316 /* ViewController.swift */ = {isa = PBXFileReference; lastKnownFileType = sourcecode.swift; path = ViewController.swift; sourceTree = "<group>"; };
		8A488DA526AF390700769316 /* Base */ = {isa = PBXFileReference; lastKnownFileType = file.storyboard; name = Base; path = Base.lproj/Main.storyboard; sourceTree = "<group>"; };
		8A488DA726AF390A00769316 /* Assets.xcassets */ = {isa = PBXFileReference; lastKnownFileType = folder.assetcatalog; path = Assets.xcassets; sourceTree = "<group>"; };
		8A488DAA26AF390A00769316 /* Base */ = {isa = PBXFileReference; lastKnownFileType = file.storyboard; name = Base; path = Base.lproj/LaunchScreen.storyboard; sourceTree = "<group>"; };
		8A488DAC26AF390A00769316 /* Info.plist */ = {isa = PBXFileReference; lastKnownFileType = text.plist.xml; path = Info.plist; sourceTree = "<group>"; };
		8A488DB126AF390B00769316 /* CoffeeTests.xctest */ = {isa = PBXFileReference; explicitFileType = wrapper.cfbundle; includeInIndex = 0; path = CoffeeTests.xctest; sourceTree = BUILT_PRODUCTS_DIR; };
		8A488DB526AF390B00769316 /* CoffeeTests.swift */ = {isa = PBXFileReference; lastKnownFileType = sourcecode.swift; path = CoffeeTests.swift; sourceTree = "<group>"; };
		8A488DB726AF390B00769316 /* Info.plist */ = {isa = PBXFileReference; lastKnownFileType = text.plist.xml; path = Info.plist; sourceTree = "<group>"; };
		8A488DBC26AF390B00769316 /* CoffeeUITests.xctest */ = {isa = PBXFileReference; explicitFileType = wrapper.cfbundle; includeInIndex = 0; path = CoffeeUITests.xctest; sourceTree = BUILT_PRODUCTS_DIR; };
		8A488DC026AF390B00769316 /* CoffeeUITests.swift */ = {isa = PBXFileReference; lastKnownFileType = sourcecode.swift; path = CoffeeUITests.swift; sourceTree = "<group>"; };
		8A488DC226AF390B00769316 /* Info.plist */ = {isa = PBXFileReference; lastKnownFileType = text.plist.xml; path = Info.plist; sourceTree = "<group>"; };
/* End PBXFileReference section */

/* Begin PBXFrameworksBuildPhase section */
		8A488D9826AF390700769316 /* Frameworks */ = {
			isa = PBXFrameworksBuildPhase;
			buildActionMask = 2147483647;
			files = (
			);
			runOnlyForDeploymentPostprocessing = 0;
		};
		8A488DAE26AF390B00769316 /* Frameworks */ = {
			isa = PBXFrameworksBuildPhase;
			buildActionMask = 2147483647;
			files = (
			);
			runOnlyForDeploymentPostprocessing = 0;
		};
		8A488DB926AF390B00769316 /* Frameworks */ = {
			isa = PBXFrameworksBuildPhase;
			buildActionMask = 2147483647;
			files = (
			);
			runOnlyForDeploymentPostprocessing = 0;
		};
/* End PBXFrameworksBuildPhase section */

/* Begin PBXGroup section */
		8A488D9226AF390700769316 = {
			isa = PBXGroup;
			children = (
				8A488D9D26AF390700769316 /* Coffee */,
				8A488DB426AF390B00769316 /* CoffeeTests */,
				8A488DBF26AF390B00769316 /* CoffeeUITests */,
				8A488D9C26AF390700769316 /* Products */,
			);
			sourceTree = "<group>";
		};
		8A488D9C26AF390700769316 /* Products */ = {
			isa = PBXGroup;
			children = (
				8A488D9B26AF390700769316 /* Coffee.app */,
				8A488DB126AF390B00769316 /* CoffeeTests.xctest */,
				8A488DBC26AF390B00769316 /* CoffeeUITests.xctest */,
			);
			name = Products;
			sourceTree = "<group>";
		};
		8A488D9D26AF390700769316 /* Coffee */ = {
			isa = PBXGroup;
			children = (
				8A488D9E26AF390700769316 /* AppDelegate.swift */,
				8A488DA026AF390700769316 /* SceneDelegate.swift */,
				8A488DA226AF390700769316 /* ViewController.swift */,
				8A488DA426AF390700769316 /* Main.storyboard */,
				8A488DA726AF390A00769316 /* Assets.xcassets */,
				8A488DA926AF390A00769316 /* LaunchScreen.storyboard */,
				8A488DAC26AF390A00769316 /* Info.plist */,
			);
			path = Coffee;
			sourceTree = "<group>";
		};
		8A488DB426AF390B00769316 /* CoffeeTests */ = {
			isa = PBXGroup;
			children = (
				8A488DB526AF390B00769316 /* CoffeeTests.swift */,
				8A488DB726AF390B00769316 /* Info.plist */,
			);
			path = CoffeeTests;
			sourceTree = "<group>";
		};
		8A488DBF26AF390B00769316 /* CoffeeUITests */ = {
			isa = PBXGroup;
			children = (
				8A488DC026AF390B00769316 /* CoffeeUITests.swift */,
				8A488DC226AF390B00769316 /* Info.plist */,
			);
			path = CoffeeUITests;
			sourceTree = "<group>";
		};
/* End PBXGroup section */

/* Begin PBXNativeTarget section */
		8A488D9A26AF390700769316 /* Coffee */ = {
			isa = PBXNativeTarget;
			buildConfigurationList = 8A488DC526AF390B00769316 /* Build configuration list for PBXNativeTarget "Coffee" */;
			buildPhases = (
				8A488D9726AF390700769316 /* Sources */,
				8A488D9826AF390700769316 /* Frameworks */,
				8A488D9926AF390700769316 /* Resources */,
			);
			buildRules = (
			);
			dependencies = (
			);
			name = Coffee;
			productName = Coffee;
			productReference = 8A488D9B26AF390700769316 /* Coffee.app */;
			productType = "com.apple.product-type.application";
		};
		8A488DB026AF390B00769316 /* CoffeeTests */ = {
			isa = PBXNativeTarget;
			buildConfigurationList = 8A488DC826AF390B00769316 /* Build configuration list for PBXNativeTarget "CoffeeTests" */;
			buildPhases = (
				8A488DAD26AF390B00769316 /* Sources */,
				8A488DAE26AF390B00769316 /* Frameworks */,
				8A488DAF26AF390B00769316 /* Resources */,
			);
			buildRules = (
			);
			dependencies = (
				8A488DB326AF390B00769316 /* PBXTargetDependency */,
			);
			name = CoffeeTests;
			productName = CoffeeTests;
			productReference = 8A488DB126AF390B00769316 /* CoffeeTests.xctest */;
			productType = "com.apple.product-type.bundle.unit-test";
		};
		8A488DBB26AF390B00769316 /* CoffeeUITests */ = {
			isa = PBXNativeTarget;
			buildConfigurationList = 8A488DCB26AF390B00769316 /* Build configuration list for PBXNativeTarget "CoffeeUITests" */;
			buildPhases = (
				8A488DB826AF390B00769316 /* Sources */,
				8A488DB926AF390B00769316 /* Frameworks */,
				8A488DBA26AF390B00769316 /* Resources */,
			);
			buildRules = (
			);
			dependencies = (
				8A488DBE26AF390B00769316 /* PBXTargetDependency */,
			);
			name = CoffeeUITests;
			productName = CoffeeUITests;
			productReference = 8A488DBC26AF390B00769316 /* CoffeeUITests.xctest */;
			productType = "com.apple.product-type.bundle.ui-testing";
		};
/* End PBXNativeTarget section */

/* Begin PBXProject section */
		8A488D9326AF390700769316 /* Project object */ = {
			isa = PBXProject;
			attributes = {
				LastSwiftUpdateCheck = 1200;
				LastUpgradeCheck = 1200;
				TargetAttributes = {
					8A488D9A26AF390700769316 = {
						CreatedOnToolsVersion = 12.0.1;
					};
					8A488DB026AF390B00769316 = {
						CreatedOnToolsVersion = 12.0.1;
						TestTargetID = 8A488D9A26AF390700769316;
					};
					8A488DBB26AF390B00769316 = {
						CreatedOnToolsVersion = 12.0.1;
						TestTargetID = 8A488D9A26AF390700769316;
					};
				};
			};
			buildConfigurationList = 8A488D9626AF390700769316 /* Build configuration list for PBXProject "Coffee" */;
			compatibilityVersion = "Xcode 9.3";
			developmentRegion = en;
			hasScannedForEncodings = 0;
			knownRegions = (
				en,
				Base,
			);
			mainGroup = 8A488D9226AF390700769316;
			productRefGroup = 8A488D9C26AF390700769316 /* Products */;
			projectDirPath = "";
			projectRoot = "";
			targets = (
				8A488D9A26AF390700769316 /* Coffee */,
				8A488DB026AF390B00769316 /* CoffeeTests */,
				8A488DBB26AF390B00769316 /* CoffeeUITests */,
			);
		};
/* End PBXProject section */

/* Begin PBXResourcesBuildPhase section */
		8A488D9926AF390700769316 /* Resources */ = {
			isa = PBXResourcesBuildPhase;
			buildActionMask = 2147483647;
			files = (
				8A488DAB26AF390A00769316 /* LaunchScreen.storyboard in Resources */,
				8A488DA826AF390A00769316 /* Assets.xcassets in Resources */,
				8A488DA626AF390700769316 /* Main.storyboard in Resources */,
			);
			runOnlyForDeploymentPostprocessing = 0;
		};
		8A488DAF26AF390B00769316 /* Resources */ = {
			isa = PBXResourcesBuildPhase;
			buildActionMask = 2147483647;
			files = (
			);
			runOnlyForDeploymentPostprocessing = 0;
		};
		8A488DBA26AF390B00769316 /* Resources */ = {
			isa = PBXResourcesBuildPhase;
			buildActionMask = 2147483647;
			files = (
			);
			runOnlyForDeploymentPostprocessing = 0;
		};
/* End PBXResourcesBuildPhase section */

/* Begin PBXSourcesBuildPhase section */
		8A488D9726AF390700769316 /* Sources */ = {
			isa = PBXSourcesBuildPhase;
			buildActionMask = 2147483647;
			files = (
				8A488DA326AF390700769316 /* ViewController.swift in Sources */,
				8A488D9F26AF390700769316 /* AppDelegate.swift in Sources */,
				8A488DA126AF390700769316 /* SceneDelegate.swift in Sources */,
			);
			runOnlyForDeploymentPostprocessing = 0;
		};
		8A488DAD26AF390B00769316 /* Sources */ = {
			isa = PBXSourcesBuildPhase;
			buildActionMask = 2147483647;
			files = (
				8A488DB626AF390B00769316 /* CoffeeTests.swift in Sources */,
			);
			runOnlyForDeploymentPostprocessing = 0;
		};
		8A488DB826AF390B00769316 /* Sources */ = {
			isa = PBXSourcesBuildPhase;
			buildActionMask = 2147483647;
			files = (
				8A488DC126AF390B00769316 /* CoffeeUITests.swift in Sources */,
			);
			runOnlyForDeploymentPostprocessing = 0;
		};
/* End PBXSourcesBuildPhase section */

/* Begin PBXTargetDependency section */
		8A488DB326AF390B00769316 /* PBXTargetDependency */ = {
			isa = PBXTargetDependency;
			target = 8A488D9A26AF390700769316 /* Coffee */;
			targetProxy = 8A488DB226AF390B00769316 /* PBXContainerItemProxy */;
		};
		8A488DBE26AF390B00769316 /* PBXTargetDependency */ = {
			isa = PBXTargetDependency;
			target = 8A488D9A26AF390700769316 /* Coffee */;
			targetProxy = 8A488DBD26AF390B00769316 /* PBXContainerItemProxy */;
		};
/* End PBXTargetDependency section */

/* Begin PBXVariantGroup section */
		8A488DA426AF390700769316 /* Main.storyboard */ = {
			isa = PBXVariantGroup;
			children = (
				8A488DA526AF390700769316 /* Base */,
			);
			name = Main.storyboard;
			sourceTree = "<group>";
		};
		8A488DA926AF390A00769316 /* LaunchScreen.storyboard */ = {
			isa = PBXVariantGroup;
			children = (
				8A488DAA26AF390A00769316 /* Base */,
			);
			name = LaunchScreen.storyboard;
			sourceTree = "<group>";
		};
/* End PBXVariantGroup section */

/* Begin XCBuildConfiguration section */
		8A488DC326AF390B00769316 /* Debug */ = {
			isa = XCBuildConfiguration;
			buildSettings = {
				ALWAYS_SEARCH_USER_PATHS = NO;
				CLANG_ANALYZER_NONNULL = YES;
				CLANG_ANALYZER_NUMBER_OBJECT_CONVERSION = YES_AGGRESSIVE;
				CLANG_CXX_LANGUAGE_STANDARD = "gnu++14";
				CLANG_CXX_LIBRARY = "libc++";
				CLANG_ENABLE_MODULES = YES;
				CLANG_ENABLE_OBJC_ARC = YES;
				CLANG_ENABLE_OBJC_WEAK = YES;
				CLANG_WARN_BLOCK_CAPTURE_AUTORELEASING = YES;
				CLANG_WARN_BOOL_CONVERSION = YES;
				CLANG_WARN_COMMA = YES;
				CLANG_WARN_CONSTANT_CONVERSION = YES;
				CLANG_WARN_DEPRECATED_OBJC_IMPLEMENTATIONS = YES;
				CLANG_WARN_DIRECT_OBJC_ISA_USAGE = YES_ERROR;
				CLANG_WARN_DOCUMENTATION_COMMENTS = YES;
				CLANG_WARN_EMPTY_BODY = YES;
				CLANG_WARN_ENUM_CONVERSION = YES;
				CLANG_WARN_INFINITE_RECURSION = YES;
				CLANG_WARN_INT_CONVERSION = YES;
				CLANG_WARN_NON_LITERAL_NULL_CONVERSION = YES;
				CLANG_WARN_OBJC_IMPLICIT_RETAIN_SELF = YES;
				CLANG_WARN_OBJC_LITERAL_CONVERSION = YES;
				CLANG_WARN_OBJC_ROOT_CLASS = YES_ERROR;
				CLANG_WARN_QUOTED_INCLUDE_IN_FRAMEWORK_HEADER = YES;
				CLANG_WARN_RANGE_LOOP_ANALYSIS = YES;
				CLANG_WARN_STRICT_PROTOTYPES = YES;
				CLANG_WARN_SUSPICIOUS_MOVE = YES;
				CLANG_WARN_UNGUARDED_AVAILABILITY = YES_AGGRESSIVE;
				CLANG_WARN_UNREACHABLE_CODE = YES;
				CLANG_WARN__DUPLICATE_METHOD_MATCH = YES;
				COPY_PHASE_STRIP = NO;
				DEBUG_INFORMATION_FORMAT = dwarf;
				ENABLE_STRICT_OBJC_MSGSEND = YES;
				ENABLE_TESTABILITY = YES;
				GCC_C_LANGUAGE_STANDARD = gnu11;
				GCC_DYNAMIC_NO_PIC = NO;
				GCC_NO_COMMON_BLOCKS = YES;
				GCC_OPTIMIZATION_LEVEL = 0;
				GCC_PREPROCESSOR_DEFINITIONS = (
					"DEBUG=1",
					"$(inherited)",
				);
				GCC_WARN_64_TO_32_BIT_CONVERSION = YES;
				GCC_WARN_ABOUT_RETURN_TYPE = YES_ERROR;
				GCC_WARN_UNDECLARED_SELECTOR = YES;
				GCC_WARN_UNINITIALIZED_AUTOS = YES_AGGRESSIVE;
				GCC_WARN_UNUSED_FUNCTION = YES;
				GCC_WARN_UNUSED_VARIABLE = YES;
				IPHONEOS_DEPLOYMENT_TARGET = 14.0;
				MTL_ENABLE_DEBUG_INFO = INCLUDE_SOURCE;
				MTL_FAST_MATH = YES;
				ONLY_ACTIVE_ARCH = YES;
				SDKROOT = iphoneos;
				SWIFT_ACTIVE_COMPILATION_CONDITIONS = DEBUG;
				SWIFT_OPTIMIZATION_LEVEL = "-Onone";
			};
			name = Debug;
		};
		8A488DC426AF390B00769316 /* Release */ = {
			isa = XCBuildConfiguration;
			buildSettings = {
				ALWAYS_SEARCH_USER_PATHS = NO;
				CLANG_ANALYZER_NONNULL = YES;
				CLANG_ANALYZER_NUMBER_OBJECT_CONVERSION = YES_AGGRESSIVE;
				CLANG_CXX_LANGUAGE_STANDARD = "gnu++14";
				CLANG_CXX_LIBRARY = "libc++";
				CLANG_ENABLE_MODULES = YES;
				CLANG_ENABLE_OBJC_ARC = YES;
				CLANG_ENABLE_OBJC_WEAK = YES;
				CLANG_WARN_BLOCK_CAPTURE_AUTORELEASING = YES;
				CLANG_WARN_BOOL_CONVERSION = YES;
				CLANG_WARN_COMMA = YES;
				CLANG_WARN_CONSTANT_CONVERSION = YES;
				CLANG_WARN_DEPRECATED_OBJC_IMPLEMENTATIONS = YES;
				CLANG_WARN_DIRECT_OBJC_ISA_USAGE = YES_ERROR;
				CLANG_WARN_DOCUMENTATION_COMMENTS = YES;
				CLANG_WARN_EMPTY_BODY = YES;
				CLANG_WARN_ENUM_CONVERSION = YES;
				CLANG_WARN_INFINITE_RECURSION = YES;
				CLANG_WARN_INT_CONVERSION = YES;
				CLANG_WARN_NON_LITERAL_NULL_CONVERSION = YES;
				CLANG_WARN_OBJC_IMPLICIT_RETAIN_SELF = YES;
				CLANG_WARN_OBJC_LITERAL_CONVERSION = YES;
				CLANG_WARN_OBJC_ROOT_CLASS = YES_ERROR;
				CLANG_WARN_QUOTED_INCLUDE_IN_FRAMEWORK_HEADER = YES;
				CLANG_WARN_RANGE_LOOP_ANALYSIS = YES;
				CLANG_WARN_STRICT_PROTOTYPES = YES;
				CLANG_WARN_SUSPICIOUS_MOVE = YES;
				CLANG_WARN_UNGUARDED_AVAILABILITY = YES_AGGRESSIVE;
				CLANG_WARN_UNREACHABLE_CODE = YES;
				CLANG_WARN__DUPLICATE_METHOD_MATCH = YES;
				COPY_PHASE_STRIP = NO;
				DEBUG_INFORMATION_FORMAT = "dwarf-with-dsym";
				ENABLE_NS_ASSERTIONS = NO;
				ENABLE_STRICT_OBJC_MSGSEND = YES;
				GCC_C_LANGUAGE_STANDARD = gnu11;
				GCC_NO_COMMON_BLOCKS = YES;
				GCC_WARN_64_TO_32_BIT_CONVERSION = YES;
				GCC_WARN_ABOUT_RETURN_TYPE = YES_ERROR;
				GCC_WARN_UNDECLARED_SELECTOR = YES;
				GCC_WARN_UNINITIALIZED_AUTOS = YES_AGGRESSIVE;
				GCC_WARN_UNUSED_FUNCTION = YES;
				GCC_WARN_UNUSED_VARIABLE = YES;
				IPHONEOS_DEPLOYMENT_TARGET = 14.0;
				MTL_ENABLE_DEBUG_INFO = NO;
				MTL_FAST_MATH = YES;
				SDKROOT = iphoneos;
				SWIFT_COMPILATION_MODE = wholemodule;
				SWIFT_OPTIMIZATION_LEVEL = "-O";
				VALIDATE_PRODUCT = YES;
			};
			name = Release;
		};
		8A488DC626AF390B00769316 /* Debug */ = {
			isa = XCBuildConfiguration;
			buildSettings = {
				ASSETCATALOG_COMPILER_APPICON_NAME = AppIcon;
				ASSETCATALOG_COMPILER_GLOBAL_ACCENT_COLOR_NAME = AccentColor;
				CODE_SIGN_STYLE = Automatic;
				DEVELOPMENT_TEAM = X6KUJJ5AH7;
				INFOPLIST_FILE = Coffee/Info.plist;
				LD_RUNPATH_SEARCH_PATHS = (
					"$(inherited)",
					"@executable_path/Frameworks",
				);
				PRODUCT_BUNDLE_IDENTIFIER = com.SasanBaho.Coffee;
				PRODUCT_NAME = "$(TARGET_NAME)";
				SWIFT_VERSION = 5.0;
				TARGETED_DEVICE_FAMILY = "1,2";
			};
			name = Debug;
		};
		8A488DC726AF390B00769316 /* Release */ = {
			isa = XCBuildConfiguration;
			buildSettings = {
				ASSETCATALOG_COMPILER_APPICON_NAME = AppIcon;
				ASSETCATALOG_COMPILER_GLOBAL_ACCENT_COLOR_NAME = AccentColor;
				CODE_SIGN_STYLE = Automatic;
				DEVELOPMENT_TEAM = X6KUJJ5AH7;
				INFOPLIST_FILE = Coffee/Info.plist;
				LD_RUNPATH_SEARCH_PATHS = (
					"$(inherited)",
					"@executable_path/Frameworks",
				);
				PRODUCT_BUNDLE_IDENTIFIER = com.SasanBaho.Coffee;
				PRODUCT_NAME = "$(TARGET_NAME)";
				SWIFT_VERSION = 5.0;
				TARGETED_DEVICE_FAMILY = "1,2";
			};
			name = Release;
		};
		8A488DC926AF390B00769316 /* Debug */ = {
			isa = XCBuildConfiguration;
			buildSettings = {
				ALWAYS_EMBED_SWIFT_STANDARD_LIBRARIES = YES;
				BUNDLE_LOADER = "$(TEST_HOST)";
				CODE_SIGN_STYLE = Automatic;
				DEVELOPMENT_TEAM = X6KUJJ5AH7;
				INFOPLIST_FILE = CoffeeTests/Info.plist;
				IPHONEOS_DEPLOYMENT_TARGET = 14.0;
				LD_RUNPATH_SEARCH_PATHS = (
					"$(inherited)",
					"@executable_path/Frameworks",
					"@loader_path/Frameworks",
				);
				PRODUCT_BUNDLE_IDENTIFIER = com.SasanBaho.CoffeeTests;
				PRODUCT_NAME = "$(TARGET_NAME)";
				SWIFT_VERSION = 5.0;
				TARGETED_DEVICE_FAMILY = "1,2";
				TEST_HOST = "$(BUILT_PRODUCTS_DIR)/Coffee.app/Coffee";
			};
			name = Debug;
		};
		8A488DCA26AF390B00769316 /* Release */ = {
			isa = XCBuildConfiguration;
			buildSettings = {
				ALWAYS_EMBED_SWIFT_STANDARD_LIBRARIES = YES;
				BUNDLE_LOADER = "$(TEST_HOST)";
				CODE_SIGN_STYLE = Automatic;
				DEVELOPMENT_TEAM = X6KUJJ5AH7;
				INFOPLIST_FILE = CoffeeTests/Info.plist;
				IPHONEOS_DEPLOYMENT_TARGET = 14.0;
				LD_RUNPATH_SEARCH_PATHS = (
					"$(inherited)",
					"@executable_path/Frameworks",
					"@loader_path/Frameworks",
				);
				PRODUCT_BUNDLE_IDENTIFIER = com.SasanBaho.CoffeeTests;
				PRODUCT_NAME = "$(TARGET_NAME)";
				SWIFT_VERSION = 5.0;
				TARGETED_DEVICE_FAMILY = "1,2";
				TEST_HOST = "$(BUILT_PRODUCTS_DIR)/Coffee.app/Coffee";
			};
			name = Release;
		};
		8A488DCC26AF390B00769316 /* Debug */ = {
			isa = XCBuildConfiguration;
			buildSettings = {
				ALWAYS_EMBED_SWIFT_STANDARD_LIBRARIES = YES;
				CODE_SIGN_STYLE = Automatic;
				DEVELOPMENT_TEAM = X6KUJJ5AH7;
				INFOPLIST_FILE = CoffeeUITests/Info.plist;
				LD_RUNPATH_SEARCH_PATHS = (
					"$(inherited)",
					"@executable_path/Frameworks",
					"@loader_path/Frameworks",
				);
				PRODUCT_BUNDLE_IDENTIFIER = com.SasanBaho.CoffeeUITests;
				PRODUCT_NAME = "$(TARGET_NAME)";
				SWIFT_VERSION = 5.0;
				TARGETED_DEVICE_FAMILY = "1,2";
				TEST_TARGET_NAME = Coffee;
			};
			name = Debug;
		};
		8A488DCD26AF390B00769316 /* Release */ = {
			isa = XCBuildConfiguration;
			buildSettings = {
				ALWAYS_EMBED_SWIFT_STANDARD_LIBRARIES = YES;
				CODE_SIGN_STYLE = Automatic;
				DEVELOPMENT_TEAM = X6KUJJ5AH7;
				INFOPLIST_FILE = CoffeeUITests/Info.plist;
				LD_RUNPATH_SEARCH_PATHS = (
					"$(inherited)",
					"@executable_path/Frameworks",
					"@loader_path/Frameworks",
				);
				PRODUCT_BUNDLE_IDENTIFIER = com.SasanBaho.CoffeeUITests;
				PRODUCT_NAME = "$(TARGET_NAME)";
				SWIFT_VERSION = 5.0;
				TARGETED_DEVICE_FAMILY = "1,2";
				TEST_TARGET_NAME = Coffee;
			};
			name = Release;
		};
/* End XCBuildConfiguration section */

/* Begin XCConfigurationList section */
		8A488D9626AF390700769316 /* Build configuration list for PBXProject "Coffee" */ = {
			isa = XCConfigurationList;
			buildConfigurations = (
				8A488DC326AF390B00769316 /* Debug */,
				8A488DC426AF390B00769316 /* Release */,
			);
			defaultConfigurationIsVisible = 0;
			defaultConfigurationName = Release;
		};
		8A488DC526AF390B00769316 /* Build configuration list for PBXNativeTarget "Coffee" */ = {
			isa = XCConfigurationList;
			buildConfigurations = (
				8A488DC626AF390B00769316 /* Debug */,
				8A488DC726AF390B00769316 /* Release */,
			);
			defaultConfigurationIsVisible = 0;
			defaultConfigurationName = Release;
		};
		8A488DC826AF390B00769316 /* Build configuration list for PBXNativeTarget "CoffeeTests" */ = {
			isa = XCConfigurationList;
			buildConfigurations = (
				8A488DC926AF390B00769316 /* Debug */,
				8A488DCA26AF390B00769316 /* Release */,
			);
			defaultConfigurationIsVisible = 0;
			defaultConfigurationName = Release;
		};
		8A488DCB26AF390B00769316 /* Build configuration list for PBXNativeTarget "CoffeeUITests" */ = {
			isa = XCConfigurationList;
			buildConfigurations = (
				8A488DCC26AF390B00769316 /* Debug */,
				8A488DCD26AF390B00769316 /* Release */,
			);
			defaultConfigurationIsVisible = 0;
			defaultConfigurationName = Release;
		};
/* End XCConfigurationList section */
	};
	rootObject = 8A488D9326AF390700769316 /* Project object */;
}
